{
  "name": "rfs-sample-app",
  "requires": true,
  "lockfileVersion": 1,
  "dependencies": {
    "@types/clipboard": {
      "version": "2.0.1",
      "resolved": "https://registry.npmjs.org/@types/clipboard/-/clipboard-2.0.1.tgz",
      "integrity": "sha512-gJJX9Jjdt3bIAePQRRjYWG20dIhAgEqonguyHxXuqALxsoDsDLimihqrSg8fXgVTJ4KZCzkfglKtwsh/8dLfbA=="
    },
    "@types/node": {
      "version": "10.12.24",
      "resolved": "https://registry.npmjs.org/@types/node/-/node-10.12.24.tgz",
      "integrity": "sha512-GWWbvt+z9G5otRBW8rssOFgRY87J9N/qbhqfjMZ+gUuL6zoL+Hm6gP/8qQBG4jjimqdaNLCehcVapZ/Fs2WjCQ=="
    },
    "@types/prop-types": {
      "version": "15.5.8",
      "resolved": "https://registry.npmjs.org/@types/prop-types/-/prop-types-15.5.8.tgz",
      "integrity": "sha512-3AQoUxQcQtLHsK25wtTWIoIpgYjH3vSDroZOUr7PpCHw/jLY1RB9z9E8dBT/OSmwStVgkRNvdh+ZHNiomRieaw=="
    },
    "@types/react": {
      "version": "16.8.2",
      "resolved": "https://registry.npmjs.org/@types/react/-/react-16.8.2.tgz",
      "integrity": "sha512-6mcKsqlqkN9xADrwiUz2gm9Wg4iGnlVGciwBRYFQSMWG6MQjhOZ/AVnxn+6v8nslFgfYTV8fNdE6XwKu6va5PA==",
      "requires": {
        "@types/prop-types": "*",
        "csstype": "^2.2.0"
      }
    },
    "@types/react-dom": {
      "version": "16.8.0",
      "resolved": "https://registry.npmjs.org/@types/react-dom/-/react-dom-16.8.0.tgz",
      "integrity": "sha512-Jp4ufcEEjVJEB0OHq2MCZcE1u3KYUKO6WnSuiU/tZeYeiZxUoQavfa/TZeiIT+1XoN6l0lQVNM30VINZFDeolQ==",
      "requires": {
        "@types/react": "*"
      }
    },
    "clipboard": {
      "version": "2.0.4",
      "resolved": "https://registry.npmjs.org/clipboard/-/clipboard-2.0.4.tgz",
      "integrity": "sha512-Vw26VSLRpJfBofiVaFb/I8PVfdI1OxKcYShe6fm0sP/DtmiWQNCjhM/okTvdCo0G+lMMm1rMYbk4IK4x1X+kgQ==",
      "requires": {
        "good-listener": "^1.2.2",
        "select": "^1.1.2",
        "tiny-emitter": "^2.0.0"
      }
    },
    "cool-lib": {
      "version": "1.1.0",
      "resolved": "https://registry.npmjs.org/cool-lib/-/cool-lib-1.1.0.tgz",
      "integrity": "sha512-VDYroxjzpm9N5oVWLExF1SBeSCUykzap65oQNZaBLQJevwX2jYD8UYl30ngKJnt75eYolahp1gUsze2lgOYHfg=="
    },
    "csstype": {
      "version": "2.6.2",
      "resolved": "https://registry.npmjs.org/csstype/-/csstype-2.6.2.tgz",
      "integrity": "sha512-Rl7PvTae0pflc1YtxtKbiSqq20Ts6vpIYOD5WBafl4y123DyHUeLrRdQP66sQW8/6gmX8jrYJLXwNeMqYVJcow=="
    },
    "delegate": {
      "version": "3.2.0",
      "resolved": "https://registry.npmjs.org/delegate/-/delegate-3.2.0.tgz",
      "integrity": "sha512-IofjkYBZaZivn0V8nnsMJGBr4jVLxHDheKSW88PyxS5QC4Vo9ZbZVvhzlSxY87fVq3STR6r+4cGepyHkcWOQSw=="
    },
    "good-listener": {
      "version": "1.2.2",
      "resolved": "https://registry.npmjs.org/good-listener/-/good-listener-1.2.2.tgz",
      "integrity": "sha1-1TswzfkxPf+33JoNR3CWqm0UXFA=",
      "requires": {
        "delegate": "^3.1.2"
      }
    },
    "js-tokens": {
      "version": "4.0.0",
      "resolved": "https://registry.npmjs.org/js-tokens/-/js-tokens-4.0.0.tgz",
      "integrity": "sha512-RdJUflcE3cUzKiMqQgsCu06FPu9UdIJO0beYbPhHN4k6apgJtifcoCtT9bcxOpYBtpD2kCM6Sbzg4CausW/PKQ=="
    },
    "loose-envify": {
      "version": "1.4.0",
      "resolved": "https://registry.npmjs.org/loose-envify/-/loose-envify-1.4.0.tgz",
      "integrity": "sha512-lyuxPGr/Wfhrlem2CL/UcnUc1zcqKAImBDzukY7Y5F/yQiNdko6+fRLevlw1HgMySw7f611UIY408EtxRSoK3Q==",
      "requires": {
        "js-tokens": "^3.0.0 || ^4.0.0"
      }
    },
    "money": {
      "version": "0.2.0",
      "resolved": "https://registry.npmjs.org/money/-/money-0.2.0.tgz",
      "integrity": "sha1-fq2i3xAJ35NfoY1PsdYg3azOAsI="
    },
    "object-assign": {
      "version": "4.1.1",
      "resolved": "https://registry.npmjs.org/object-assign/-/object-assign-4.1.1.tgz",
      "integrity": "sha1-IQmtx5ZYh8/AXLvUQsrIv7s2CGM="
    },
    "periodic-table": {
      "version": "0.0.8",
      "resolved": "https://registry.npmjs.org/periodic-table/-/periodic-table-0.0.8.tgz",
      "integrity": "sha1-qkl9u/WpfCP3eRrqaquzDfGW6Fg="
    },
    "prop-types": {
      "version": "15.6.2",
      "resolved": "https://registry.npmjs.org/prop-types/-/prop-types-15.6.2.tgz",
      "integrity": "sha512-3pboPvLiWD7dkI3qf3KbUe6hKFKa52w+AE0VCqECtf+QHAKgOL37tTaNCnuX1nAAQ4ZhyP+kYVKf8rLmJ/feDQ==",
      "requires": {
        "loose-envify": "^1.3.1",
        "object-assign": "^4.1.1"
      }
    },
    "react": {
      "version": "16.8.1",
      "resolved": "https://registry.npmjs.org/react/-/react-16.8.1.tgz",
      "integrity": "sha512-wLw5CFGPdo7p/AgteFz7GblI2JPOos0+biSoxf1FPsGxWQZdN/pj6oToJs1crn61DL3Ln7mN86uZ4j74p31ELQ==",
      "requires": {
        "loose-envify": "^1.1.0",
        "object-assign": "^4.1.1",
        "prop-types": "^15.6.2",
        "scheduler": "^0.13.1"
      }
    },
    "react-clipboard.js": {
      "version": "2.0.2",
      "resolved": "https://registry.npmjs.org/react-clipboard.js/-/react-clipboard.js-2.0.2.tgz",
      "integrity": "sha512-F4VyDVgHetULOpIbn2DuXSM9vBN2gGuk8MQovTdfMaXanE3zOGmR07FNBycoYC4QmMt4QD3Ve29FqbrLm21RXA==",
      "requires": {
        "clipboard": "^2.0.0",
        "prop-types": "^15.5.0"
      }
    },
    "react-dom": {
      "version": "16.8.1",
      "resolved": "https://registry.npmjs.org/react-dom/-/react-dom-16.8.1.tgz",
      "integrity": "sha512-N74IZUrPt6UiDjXaO7UbDDFXeUXnVhZzeRLy/6iqqN1ipfjrhR60Bp5NuBK+rv3GMdqdIuwIl22u1SYwf330bg==",
      "requires": {
        "loose-envify": "^1.1.0",
        "object-assign": "^4.1.1",
        "prop-types": "^15.6.2",
        "scheduler": "^0.13.1"
      }
    },
    "scheduler": {
      "version": "0.13.1",
      "resolved": "https://registry.npmjs.org/scheduler/-/scheduler-0.13.1.tgz",
      "integrity": "sha512-VJKOkiKIN2/6NOoexuypwSrybx13MY7NSy9RNt8wPvZDMRT1CW6qlpF5jXRToXNHz3uWzbm2elNpZfXfGPqP9A==",
      "requires": {
        "loose-envify": "^1.1.0",
        "object-assign": "^4.1.1"
      }
    },
    "select": {
      "version": "1.1.2",
      "resolved": "https://registry.npmjs.org/select/-/select-1.1.2.tgz",
      "integrity": "sha1-DnNQrN7ICxEIUoeG7B1EGNEbOW0="
    },
    "tiny-emitter": {
      "version": "2.1.0",
      "resolved": "https://registry.npmjs.org/tiny-emitter/-/tiny-emitter-2.1.0.tgz",
      "integrity": "sha512-NB6Dk1A9xgQPMoGqC5CVXn123gWyte215ONT5Pp5a0yt4nlEoO1ZWeCwpncaekPHXO60i47ihFnZPiRPjRMq4Q=="
    },
    "typescript": {
      "version": "3.3.3",
      "resolved": "https://registry.npmjs.org/typescript/-/typescript-3.3.3.tgz",
      "integrity": "sha512-Y21Xqe54TBVp+VDSNbuDYdGw0BpoR/Q6wo/+35M8PAU0vipahnyduJWirxxdxjsAkS7hue53x2zp8gz7F05u0A=="
    }
  }
}
